
Microsoft Visual Studio Solution File, Format Version 12.00
# Visual Studio 15
VisualStudioVersion = 15.0.27428.2002
MinimumVisualStudioVersion = 10.0.40219.1
Project("{FAE04EC0-301F-11D3-BF4B-00C04F79EFBC}") = "UbigeoApi", "UbigeoApi\UbigeoApi.csproj", "{989C003F-0CC5-46CE-869F-08B1C880A32D}"
EndProject
Project("{FAE04EC0-301F-11D3-BF4B-00C04F79EFBC}") = "UbigeoApi.Tests", "UbigeoApi.Tests\UbigeoApi.Tests.csproj", "{A9FEA004-EF0A-46A7-A357-36F6D82F5013}"
EndProject
Project("{FAE04EC0-301F-11D3-BF4B-00C04F79EFBC}") = "0.DataAccess", "0.DataAccess\0.DataAccess.csproj", "{508C618A-CD5C-4396-A763-2E93C61866C8}"
EndProject
Project("{FAE04EC0-301F-11D3-BF4B-00C04F79EFBC}") = "1.Business", "1.Business\1.Business.csproj", "{D390231F-A565-4A8C-8FB7-2EB276166107}"
EndProject
Project("{FAE04EC0-301F-11D3-BF4B-00C04F79EFBC}") = "2.Common", "2.Common\2.Common.csproj", "{0BEA71B7-E7EF-41EE-B883-D4A9CD53A91B}"
EndProject
Global
	GlobalSection(SolutionConfigurationPlatforms) = preSolution
		Debug|Any CPU = Debug|Any CPU
		Release|Any CPU = Release|Any CPU
	EndGlobalSection
	GlobalSection(ProjectConfigurationPlatforms) = postSolution
		{989C003F-0CC5-46CE-869F-08B1C880A32D}.Debug|Any CPU.ActiveCfg = Debug|Any CPU
		{989C003F-0CC5-46CE-869F-08B1C880A32D}.Debug|Any CPU.Build.0 = Debug|Any CPU
		{989C003F-0CC5-46CE-869F-08B1C880A32D}.Release|Any CPU.ActiveCfg = Release|Any CPU
		{989C003F-0CC5-46CE-869F-08B1C880A32D}.Release|Any CPU.Build.0 = Release|Any CPU
		{A9FEA004-EF0A-46A7-A357-36F6D82F5013}.Debug|Any CPU.ActiveCfg = Debug|Any CPU
		{A9FEA004-EF0A-46A7-A357-36F6D82F5013}.Debug|Any CPU.Build.0 = Debug|Any CPU
		{A9FEA004-EF0A-46A7-A357-36F6D82F5013}.Release|Any CPU.ActiveCfg = Release|Any CPU
		{A9FEA004-EF0A-46A7-A357-36F6D82F5013}.Release|Any CPU.Build.0 = Release|Any CPU
		{508C618A-CD5C-4396-A763-2E93C61866C8}.Debug|Any CPU.ActiveCfg = Debug|Any CPU
		{508C618A-CD5C-4396-A763-2E93C61866C8}.Debug|Any CPU.Build.0 = Debug|Any CPU
		{508C618A-CD5C-4396-A763-2E93C61866C8}.Release|Any CPU.ActiveCfg = Release|Any CPU
		{508C618A-CD5C-4396-A763-2E93C61866C8}.Release|Any CPU.Build.0 = Release|Any CPU
		{D390231F-A565-4A8C-8FB7-2EB276166107}.Debug|Any CPU.ActiveCfg = Debug|Any CPU
		{D390231F-A565-4A8C-8FB7-2EB276166107}.Debug|Any CPU.Build.0 = Debug|Any CPU
		{D390231F-A565-4A8C-8FB7-2EB276166107}.Release|Any CPU.ActiveCfg = Release|Any CPU
		{D390231F-A565-4A8C-8FB7-2EB276166107}.Release|Any CPU.Build.0 = Release|Any CPU
		{0BEA71B7-E7EF-41EE-B883-D4A9CD53A91B}.Debug|Any CPU.ActiveCfg = Debug|Any CPU
		{0BEA71B7-E7EF-41EE-B883-D4A9CD53A91B}.Debug|Any CPU.Build.0 = Debug|Any CPU
		{0BEA71B7-E7EF-41EE-B883-D4A9CD53A91B}.Release|Any CPU.ActiveCfg = Release|Any CPU
		{0BEA71B7-E7EF-41EE-B883-D4A9CD53A91B}.Release|Any CPU.Build.0 = Release|Any CPU
	EndGlobalSection
	GlobalSection(SolutionProperties) = preSolution
		HideSolutionNode = FALSE
	EndGlobalSection
	GlobalSection(ExtensibilityGlobals) = postSolution
		SolutionGuid = {0E50AD78-7844-4C19-B326-A11BB8AEC277}
	EndGlobalSection
EndGlobal
